
Microsoft Visual Studio Solution File, Format Version 12.00
# Visual Studio 15
VisualStudioVersion = 15.0.26228.23
MinimumVisualStudioVersion = 10.0.40219.1
Project("{FAE04EC0-301F-11D3-BF4B-00C04F79EFBC}") = "MVCAuthentication", "MVCAuthentication\MVCAuthentication.csproj", "{334668F3-F742-415A-8F2F-F603604D18FA}"
EndProject
Project("{FAE04EC0-301F-11D3-BF4B-00C04F79EFBC}") = "Domain", "Domain\Domain.csproj", "{37E2947B-6457-4259-AE62-81ED9B35CC6C}"
EndProject
Global
	GlobalSection(SolutionConfigurationPlatforms) = preSolution
		Debug|Any CPU = Debug|Any CPU
		Release|Any CPU = Release|Any CPU
	EndGlobalSection
	GlobalSection(ProjectConfigurationPlatforms) = postSolution
		{334668F3-F742-415A-8F2F-F603604D18FA}.Debug|Any CPU.ActiveCfg = Debug|Any CPU
		{334668F3-F742-415A-8F2F-F603604D18FA}.Debug|Any CPU.Build.0 = Debug|Any CPU
		{334668F3-F742-415A-8F2F-F603604D18FA}.Release|Any CPU.ActiveCfg = Release|Any CPU
		{334668F3-F742-415A-8F2F-F603604D18FA}.Release|Any CPU.Build.0 = Release|Any CPU
		{37E2947B-6457-4259-AE62-81ED9B35CC6C}.Debug|Any CPU.ActiveCfg = Debug|Any CPU
		{37E2947B-6457-4259-AE62-81ED9B35CC6C}.Debug|Any CPU.Build.0 = Debug|Any CPU
		{37E2947B-6457-4259-AE62-81ED9B35CC6C}.Release|Any CPU.ActiveCfg = Release|Any CPU
		{37E2947B-6457-4259-AE62-81ED9B35CC6C}.Release|Any CPU.Build.0 = Release|Any CPU
	EndGlobalSection
	GlobalSection(SolutionProperties) = preSolution
		HideSolutionNode = FALSE
	EndGlobalSection
EndGlobal
